// !$*UTF8*$!
{
	archiveVersion = 1;
	classes = {
	};
	objectVersion = 56;
	objects = {

/* Begin PBXBuildFile section */
		45137E9B2A32351900DADB25 /* DigitalCollectiblesApp.swift in Sources */ = {isa = PBXBuildFile; fileRef = 45137E9A2A32351900DADB25 /* DigitalCollectiblesApp.swift */; };
		45137E9D2A32351900DADB25 /* ContentView.swift in Sources */ = {isa = PBXBuildFile; fileRef = 45137E9C2A32351900DADB25 /* ContentView.swift */; };
		45137E9F2A32351A00DADB25 /* Assets.xcassets in Resources */ = {isa = PBXBuildFile; fileRef = 45137E9E2A32351A00DADB25 /* Assets.xcassets */; };
		45137EA32A32351A00DADB25 /* Preview Assets.xcassets in Resources */ = {isa = PBXBuildFile; fileRef = 45137EA22A32351A00DADB25 /* Preview Assets.xcassets */; };
		45137EAD2A32351A00DADB25 /* DigitalCollectiblesTests.swift in Sources */ = {isa = PBXBuildFile; fileRef = 45137EAC2A32351A00DADB25 /* DigitalCollectiblesTests.swift */; };
		45137EB72A32351A00DADB25 /* DigitalCollectiblesUITests.swift in Sources */ = {isa = PBXBuildFile; fileRef = 45137EB62A32351A00DADB25 /* DigitalCollectiblesUITests.swift */; };
		45137EB92A32351A00DADB25 /* DigitalCollectiblesUITestsLaunchTests.swift in Sources */ = {isa = PBXBuildFile; fileRef = 45137EB82A32351A00DADB25 /* DigitalCollectiblesUITestsLaunchTests.swift */; };
/* End PBXBuildFile section */

/* Begin PBXContainerItemProxy section */
		45137EA92A32351A00DADB25 /* PBXContainerItemProxy */ = {
			isa = PBXContainerItemProxy;
			containerPortal = 45137E8F2A32351900DADB25 /* Project object */;
			proxyType = 1;
			remoteGlobalIDString = 45137E962A32351900DADB25;
			remoteInfo = DigitalCollectibles;
		};
		45137EB32A32351A00DADB25 /* PBXContainerItemProxy */ = {
			isa = PBXContainerItemProxy;
			containerPortal = 45137E8F2A32351900DADB25 /* Project object */;
			proxyType = 1;
			remoteGlobalIDString = 45137E962A32351900DADB25;
			remoteInfo = DigitalCollectibles;
		};
/* End PBXContainerItemProxy section */

/* Begin PBXFileReference section */
		45137E972A32351900DADB25 /* DigitalCollectibles.app */ = {isa = PBXFileReference; explicitFileType = wrapper.application; includeInIndex = 0; path = DigitalCollectibles.app; sourceTree = BUILT_PRODUCTS_DIR; };
		45137E9A2A32351900DADB25 /* DigitalCollectiblesApp.swift */ = {isa = PBXFileReference; lastKnownFileType = sourcecode.swift; path = DigitalCollectiblesApp.swift; sourceTree = "<group>"; };
		45137E9C2A32351900DADB25 /* ContentView.swift */ = {isa = PBXFileReference; lastKnownFileType = sourcecode.swift; path = ContentView.swift; sourceTree = "<group>"; };
		45137E9E2A32351A00DADB25 /* Assets.xcassets */ = {isa = PBXFileReference; lastKnownFileType = folder.assetcatalog; path = Assets.xcassets; sourceTree = "<group>"; };
		45137EA02A32351A00DADB25 /* DigitalCollectibles.entitlements */ = {isa = PBXFileReference; lastKnownFileType = text.plist.entitlements; path = DigitalCollectibles.entitlements; sourceTree = "<group>"; };
		45137EA22A32351A00DADB25 /* Preview Assets.xcassets */ = {isa = PBXFileReference; lastKnownFileType = folder.assetcatalog; path = "Preview Assets.xcassets"; sourceTree = "<group>"; };
		45137EA82A32351A00DADB25 /* DigitalCollectiblesTests.xctest */ = {isa = PBXFileReference; explicitFileType = wrapper.cfbundle; includeInIndex = 0; path = DigitalCollectiblesTests.xctest; sourceTree = BUILT_PRODUCTS_DIR; };
		45137EAC2A32351A00DADB25 /* DigitalCollectiblesTests.swift */ = {isa = PBXFileReference; lastKnownFileType = sourcecode.swift; path = DigitalCollectiblesTests.swift; sourceTree = "<group>"; };
		45137EB22A32351A00DADB25 /* DigitalCollectiblesUITests.xctest */ = {isa = PBXFileReference; explicitFileType = wrapper.cfbundle; includeInIndex = 0; path = DigitalCollectiblesUITests.xctest; sourceTree = BUILT_PRODUCTS_DIR; };
		45137EB62A32351A00DADB25 /* DigitalCollectiblesUITests.swift */ = {isa = PBXFileReference; lastKnownFileType = sourcecode.swift; path = DigitalCollectiblesUITests.swift; sourceTree = "<group>"; };
		45137EB82A32351A00DADB25 /* DigitalCollectiblesUITestsLaunchTests.swift */ = {isa = PBXFileReference; lastKnownFileType = sourcecode.swift; path = DigitalCollectiblesUITestsLaunchTests.swift; sourceTree = "<group>"; };
/* End PBXFileReference section */

/* Begin PBXFrameworksBuildPhase section */
		45137E942A32351900DADB25 /* Frameworks */ = {
			isa = PBXFrameworksBuildPhase;
			buildActionMask = 2147483647;
			files = (
			);
			runOnlyForDeploymentPostprocessing = 0;
		};
		45137EA52A32351A00DADB25 /* Frameworks */ = {
			isa = PBXFrameworksBuildPhase;
			buildActionMask = 2147483647;
			files = (
			);
			runOnlyForDeploymentPostprocessing = 0;
		};
		45137EAF2A32351A00DADB25 /* Frameworks */ = {
			isa = PBXFrameworksBuildPhase;
			buildActionMask = 2147483647;
			files = (
			);
			runOnlyForDeploymentPostprocessing = 0;
		};
/* End PBXFrameworksBuildPhase section */

/* Begin PBXGroup section */
		45137E8E2A32351900DADB25 = {
			isa = PBXGroup;
			children = (
				45137E992A32351900DADB25 /* DigitalCollectibles */,
				45137EAB2A32351A00DADB25 /* DigitalCollectiblesTests */,
				45137EB52A32351A00DADB25 /* DigitalCollectiblesUITests */,
				45137E982A32351900DADB25 /* Products */,
			);
			sourceTree = "<group>";
		};
		45137E982A32351900DADB25 /* Products */ = {
			isa = PBXGroup;
			children = (
				45137E972A32351900DADB25 /* DigitalCollectibles.app */,
				45137EA82A32351A00DADB25 /* DigitalCollectiblesTests.xctest */,
				45137EB22A32351A00DADB25 /* DigitalCollectiblesUITests.xctest */,
			);
			name = Products;
			sourceTree = "<group>";
		};
		45137E992A32351900DADB25 /* DigitalCollectibles */ = {
			isa = PBXGroup;
			children = (
				45137E9A2A32351900DADB25 /* DigitalCollectiblesApp.swift */,
				45137E9C2A32351900DADB25 /* ContentView.swift */,
				45137E9E2A32351A00DADB25 /* Assets.xcassets */,
				45137EA02A32351A00DADB25 /* DigitalCollectibles.entitlements */,
				45137EA12A32351A00DADB25 /* Preview Content */,
			);
			path = DigitalCollectibles;
			sourceTree = "<group>";
		};
		45137EA12A32351A00DADB25 /* Preview Content */ = {
			isa = PBXGroup;
			children = (
				45137EA22A32351A00DADB25 /* Preview Assets.xcassets */,
			);
			path = "Preview Content";
			sourceTree = "<group>";
		};
		45137EAB2A32351A00DADB25 /* DigitalCollectiblesTests */ = {
			isa = PBXGroup;
			children = (
				45137EAC2A32351A00DADB25 /* DigitalCollectiblesTests.swift */,
			);
			path = DigitalCollectiblesTests;
			sourceTree = "<group>";
		};
		45137EB52A32351A00DADB25 /* DigitalCollectiblesUITests */ = {
			isa = PBXGroup;
			children = (
				45137EB62A32351A00DADB25 /* DigitalCollectiblesUITests.swift */,
				45137EB82A32351A00DADB25 /* DigitalCollectiblesUITestsLaunchTests.swift */,
			);
			path = DigitalCollectiblesUITests;
			sourceTree = "<group>";
		};
/* End PBXGroup section */

/* Begin PBXNativeTarget section */
		45137E962A32351900DADB25 /* DigitalCollectibles */ = {
			isa = PBXNativeTarget;
			buildConfigurationList = 45137EBC2A32351A00DADB25 /* Build configuration list for PBXNativeTarget "DigitalCollectibles" */;
			buildPhases = (
				45137E932A32351900DADB25 /* Sources */,
				45137E942A32351900DADB25 /* Frameworks */,
				45137E952A32351900DADB25 /* Resources */,
			);
			buildRules = (
			);
			dependencies = (
			);
			name = DigitalCollectibles;
			productName = DigitalCollectibles;
			productReference = 45137E972A32351900DADB25 /* DigitalCollectibles.app */;
			productType = "com.apple.product-type.application";
		};
		45137EA72A32351A00DADB25 /* DigitalCollectiblesTests */ = {
			isa = PBXNativeTarget;
			buildConfigurationList = 45137EBF2A32351A00DADB25 /* Build configuration list for PBXNativeTarget "DigitalCollectiblesTests" */;
			buildPhases = (
				45137EA42A32351A00DADB25 /* Sources */,
				45137EA52A32351A00DADB25 /* Frameworks */,
				45137EA62A32351A00DADB25 /* Resources */,
			);
			buildRules = (
			);
			dependencies = (
				45137EAA2A32351A00DADB25 /* PBXTargetDependency */,
			);
			name = DigitalCollectiblesTests;
			productName = DigitalCollectiblesTests;
			productReference = 45137EA82A32351A00DADB25 /* DigitalCollectiblesTests.xctest */;
			productType = "com.apple.product-type.bundle.unit-test";
		};
		45137EB12A32351A00DADB25 /* DigitalCollectiblesUITests */ = {
			isa = PBXNativeTarget;
			buildConfigurationList = 45137EC22A32351A00DADB25 /* Build configuration list for PBXNativeTarget "DigitalCollectiblesUITests" */;
			buildPhases = (
				45137EAE2A32351A00DADB25 /* Sources */,
				45137EAF2A32351A00DADB25 /* Frameworks */,
				45137EB02A32351A00DADB25 /* Resources */,
			);
			buildRules = (
			);
			dependencies = (
				45137EB42A32351A00DADB25 /* PBXTargetDependency */,
			);
			name = DigitalCollectiblesUITests;
			productName = DigitalCollectiblesUITests;
			productReference = 45137EB22A32351A00DADB25 /* DigitalCollectiblesUITests.xctest */;
			productType = "com.apple.product-type.bundle.ui-testing";
		};
/* End PBXNativeTarget section */

/* Begin PBXProject section */
		45137E8F2A32351900DADB25 /* Project object */ = {
			isa = PBXProject;
			attributes = {
				BuildIndependentTargetsInParallel = 1;
				LastSwiftUpdateCheck = 1430;
				LastUpgradeCheck = 1430;
				TargetAttributes = {
					45137E962A32351900DADB25 = {
						CreatedOnToolsVersion = 14.3.1;
					};
					45137EA72A32351A00DADB25 = {
						CreatedOnToolsVersion = 14.3.1;
						TestTargetID = 45137E962A32351900DADB25;
					};
					45137EB12A32351A00DADB25 = {
						CreatedOnToolsVersion = 14.3.1;
						TestTargetID = 45137E962A32351900DADB25;
					};
				};
			};
			buildConfigurationList = 45137E922A32351900DADB25 /* Build configuration list for PBXProject "DigitalCollectibles" */;
			compatibilityVersion = "Xcode 14.0";
			developmentRegion = en;
			hasScannedForEncodings = 0;
			knownRegions = (
				en,
				Base,
			);
			mainGroup = 45137E8E2A32351900DADB25;
			productRefGroup = 45137E982A32351900DADB25 /* Products */;
			projectDirPath = "";
			projectRoot = "";
			targets = (
				45137E962A32351900DADB25 /* DigitalCollectibles */,
				45137EA72A32351A00DADB25 /* DigitalCollectiblesTests */,
				45137EB12A32351A00DADB25 /* DigitalCollectiblesUITests */,
			);
		};
/* End PBXProject section */

/* Begin PBXResourcesBuildPhase section */
		45137E952A32351900DADB25 /* Resources */ = {
			isa = PBXResourcesBuildPhase;
			buildActionMask = 2147483647;
			files = (
				45137EA32A32351A00DADB25 /* Preview Assets.xcassets in Resources */,
				45137E9F2A32351A00DADB25 /* Assets.xcassets in Resources */,
			);
			runOnlyForDeploymentPostprocessing = 0;
		};
		45137EA62A32351A00DADB25 /* Resources */ = {
			isa = PBXResourcesBuildPhase;
			buildActionMask = 2147483647;
			files = (
			);
			runOnlyForDeploymentPostprocessing = 0;
		};
		45137EB02A32351A00DADB25 /* Resources */ = {
			isa = PBXResourcesBuildPhase;
			buildActionMask = 2147483647;
			files = (
			);
			runOnlyForDeploymentPostprocessing = 0;
		};
/* End PBXResourcesBuildPhase section */

/* Begin PBXSourcesBuildPhase section */
		45137E932A32351900DADB25 /* Sources */ = {
			isa = PBXSourcesBuildPhase;
			buildActionMask = 2147483647;
			files = (
				45137E9D2A32351900DADB25 /* ContentView.swift in Sources */,
				45137E9B2A32351900DADB25 /* DigitalCollectiblesApp.swift in Sources */,
			);
			runOnlyForDeploymentPostprocessing = 0;
		};
		45137EA42A32351A00DADB25 /* Sources */ = {
			isa = PBXSourcesBuildPhase;
			buildActionMask = 2147483647;
			files = (
				45137EAD2A32351A00DADB25 /* DigitalCollectiblesTests.swift in Sources */,
			);
			runOnlyForDeploymentPostprocessing = 0;
		};
		45137EAE2A32351A00DADB25 /* Sources */ = {
			isa = PBXSourcesBuildPhase;
			buildActionMask = 2147483647;
			files = (
				45137EB92A32351A00DADB25 /* DigitalCollectiblesUITestsLaunchTests.swift in Sources */,
				45137EB72A32351A00DADB25 /* DigitalCollectiblesUITests.swift in Sources */,
			);
			runOnlyForDeploymentPostprocessing = 0;
		};
/* End PBXSourcesBuildPhase section */

/* Begin PBXTargetDependency section */
		45137EAA2A32351A00DADB25 /* PBXTargetDependency */ = {
			isa = PBXTargetDependency;
			target = 45137E962A32351900DADB25 /* DigitalCollectibles */;
			targetProxy = 45137EA92A32351A00DADB25 /* PBXContainerItemProxy */;
		};
		45137EB42A32351A00DADB25 /* PBXTargetDependency */ = {
			isa = PBXTargetDependency;
			target = 45137E962A32351900DADB25 /* DigitalCollectibles */;
			targetProxy = 45137EB32A32351A00DADB25 /* PBXContainerItemProxy */;
		};
/* End PBXTargetDependency section */

/* Begin XCBuildConfiguration section */
		45137EBA2A32351A00DADB25 /* Debug */ = {
			isa = XCBuildConfiguration;
			buildSettings = {
				ALWAYS_SEARCH_USER_PATHS = NO;
				CLANG_ANALYZER_NONNULL = YES;
				CLANG_ANALYZER_NUMBER_OBJECT_CONVERSION = YES_AGGRESSIVE;
				CLANG_CXX_LANGUAGE_STANDARD = "gnu++20";
				CLANG_ENABLE_MODULES = YES;
				CLANG_ENABLE_OBJC_ARC = YES;
				CLANG_ENABLE_OBJC_WEAK = YES;
				CLANG_WARN_BLOCK_CAPTURE_AUTORELEASING = YES;
				CLANG_WARN_BOOL_CONVERSION = YES;
				CLANG_WARN_COMMA = YES;
				CLANG_WARN_CONSTANT_CONVERSION = YES;
				CLANG_WARN_DEPRECATED_OBJC_IMPLEMENTATIONS = YES;
				CLANG_WARN_DIRECT_OBJC_ISA_USAGE = YES_ERROR;
				CLANG_WARN_DOCUMENTATION_COMMENTS = YES;
				CLANG_WARN_EMPTY_BODY = YES;
				CLANG_WARN_ENUM_CONVERSION = YES;
				CLANG_WARN_INFINITE_RECURSION = YES;
				CLANG_WARN_INT_CONVERSION = YES;
				CLANG_WARN_NON_LITERAL_NULL_CONVERSION = YES;
				CLANG_WARN_OBJC_IMPLICIT_RETAIN_SELF = YES;
				CLANG_WARN_OBJC_LITERAL_CONVERSION = YES;
				CLANG_WARN_OBJC_ROOT_CLASS = YES_ERROR;
				CLANG_WARN_QUOTED_INCLUDE_IN_FRAMEWORK_HEADER = YES;
				CLANG_WARN_RANGE_LOOP_ANALYSIS = YES;
				CLANG_WARN_STRICT_PROTOTYPES = YES;
				CLANG_WARN_SUSPICIOUS_MOVE = YES;
				CLANG_WARN_UNGUARDED_AVAILABILITY = YES_AGGRESSIVE;
				CLANG_WARN_UNREACHABLE_CODE = YES;
				CLANG_WARN__DUPLICATE_METHOD_MATCH = YES;
				COPY_PHASE_STRIP = NO;
				DEBUG_INFORMATION_FORMAT = dwarf;
				ENABLE_STRICT_OBJC_MSGSEND = YES;
				ENABLE_TESTABILITY = YES;
				GCC_C_LANGUAGE_STANDARD = gnu11;
				GCC_DYNAMIC_NO_PIC = NO;
				GCC_NO_COMMON_BLOCKS = YES;
				GCC_OPTIMIZATION_LEVEL = 0;
				GCC_PREPROCESSOR_DEFINITIONS = (
					"DEBUG=1",
					"$(inherited)",
				);
				GCC_WARN_64_TO_32_BIT_CONVERSION = YES;
				GCC_WARN_ABOUT_RETURN_TYPE = YES_ERROR;
				GCC_WARN_UNDECLARED_SELECTOR = YES;
				GCC_WARN_UNINITIALIZED_AUTOS = YES_AGGRESSIVE;
				GCC_WARN_UNUSED_FUNCTION = YES;
				GCC_WARN_UNUSED_VARIABLE = YES;
				MTL_ENABLE_DEBUG_INFO = INCLUDE_SOURCE;
				MTL_FAST_MATH = YES;
				ONLY_ACTIVE_ARCH = YES;
				SWIFT_ACTIVE_COMPILATION_CONDITIONS = DEBUG;
				SWIFT_OPTIMIZATION_LEVEL = "-Onone";
			};
			name = Debug;
		};
		45137EBB2A32351A00DADB25 /* Release */ = {
			isa = XCBuildConfiguration;
			buildSettings = {
				ALWAYS_SEARCH_USER_PATHS = NO;
				CLANG_ANALYZER_NONNULL = YES;
				CLANG_ANALYZER_NUMBER_OBJECT_CONVERSION = YES_AGGRESSIVE;
				CLANG_CXX_LANGUAGE_STANDARD = "gnu++20";
				CLANG_ENABLE_MODULES = YES;
				CLANG_ENABLE_OBJC_ARC = YES;
				CLANG_ENABLE_OBJC_WEAK = YES;
				CLANG_WARN_BLOCK_CAPTURE_AUTORELEASING = YES;
				CLANG_WARN_BOOL_CONVERSION = YES;
				CLANG_WARN_COMMA = YES;
				CLANG_WARN_CONSTANT_CONVERSION = YES;
				CLANG_WARN_DEPRECATED_OBJC_IMPLEMENTATIONS = YES;
				CLANG_WARN_DIRECT_OBJC_ISA_USAGE = YES_ERROR;
				CLANG_WARN_DOCUMENTATION_COMMENTS = YES;
				CLANG_WARN_EMPTY_BODY = YES;
				CLANG_WARN_ENUM_CONVERSION = YES;
				CLANG_WARN_INFINITE_RECURSION = YES;
				CLANG_WARN_INT_CONVERSION = YES;
				CLANG_WARN_NON_LITERAL_NULL_CONVERSION = YES;
				CLANG_WARN_OBJC_IMPLICIT_RETAIN_SELF = YES;
				CLANG_WARN_OBJC_LITERAL_CONVERSION = YES;
				CLANG_WARN_OBJC_ROOT_CLASS = YES_ERROR;
				CLANG_WARN_QUOTED_INCLUDE_IN_FRAMEWORK_HEADER = YES;
				CLANG_WARN_RANGE_LOOP_ANALYSIS = YES;
				CLANG_WARN_STRICT_PROTOTYPES = YES;
				CLANG_WARN_SUSPICIOUS_MOVE = YES;
				CLANG_WARN_UNGUARDED_AVAILABILITY = YES_AGGRESSIVE;
				CLANG_WARN_UNREACHABLE_CODE = YES;
				CLANG_WARN__DUPLICATE_METHOD_MATCH = YES;
				COPY_PHASE_STRIP = NO;
				DEBUG_INFORMATION_FORMAT = "dwarf-with-dsym";
				ENABLE_NS_ASSERTIONS = NO;
				ENABLE_STRICT_OBJC_MSGSEND = YES;
				GCC_C_LANGUAGE_STANDARD = gnu11;
				GCC_NO_COMMON_BLOCKS = YES;
				GCC_WARN_64_TO_32_BIT_CONVERSION = YES;
				GCC_WARN_ABOUT_RETURN_TYPE = YES_ERROR;
				GCC_WARN_UNDECLARED_SELECTOR = YES;
				GCC_WARN_UNINITIALIZED_AUTOS = YES_AGGRESSIVE;
				GCC_WARN_UNUSED_FUNCTION = YES;
				GCC_WARN_UNUSED_VARIABLE = YES;
				MTL_ENABLE_DEBUG_INFO = NO;
				MTL_FAST_MATH = YES;
				SWIFT_COMPILATION_MODE = wholemodule;
				SWIFT_OPTIMIZATION_LEVEL = "-O";
			};
			name = Release;
		};
		45137EBD2A32351A00DADB25 /* Debug */ = {
			isa = XCBuildConfiguration;
			buildSettings = {
				ASSETCATALOG_COMPILER_APPICON_NAME = AppIcon;
				ASSETCATALOG_COMPILER_GLOBAL_ACCENT_COLOR_NAME = AccentColor;
				CODE_SIGN_ENTITLEMENTS = DigitalCollectibles/DigitalCollectibles.entitlements;
				CODE_SIGN_STYLE = Automatic;
				CURRENT_PROJECT_VERSION = 1;
				DEVELOPMENT_ASSET_PATHS = "\"DigitalCollectibles/Preview Content\"";
				DEVELOPMENT_TEAM = MW3KFK7586;
				ENABLE_HARDENED_RUNTIME = YES;
				ENABLE_PREVIEWS = YES;
				GENERATE_INFOPLIST_FILE = YES;
				"INFOPLIST_KEY_UIApplicationSceneManifest_Generation[sdk=iphoneos*]" = YES;
				"INFOPLIST_KEY_UIApplicationSceneManifest_Generation[sdk=iphonesimulator*]" = YES;
				"INFOPLIST_KEY_UIApplicationSupportsIndirectInputEvents[sdk=iphoneos*]" = YES;
				"INFOPLIST_KEY_UIApplicationSupportsIndirectInputEvents[sdk=iphonesimulator*]" = YES;
				"INFOPLIST_KEY_UILaunchScreen_Generation[sdk=iphoneos*]" = YES;
				"INFOPLIST_KEY_UILaunchScreen_Generation[sdk=iphonesimulator*]" = YES;
				"INFOPLIST_KEY_UIStatusBarStyle[sdk=iphoneos*]" = UIStatusBarStyleDefault;
				"INFOPLIST_KEY_UIStatusBarStyle[sdk=iphonesimulator*]" = UIStatusBarStyleDefault;
				INFOPLIST_KEY_UISupportedInterfaceOrientations_iPad = "UIInterfaceOrientationPortrait UIInterfaceOrientationPortraitUpsideDown UIInterfaceOrientationLandscapeLeft UIInterfaceOrientationLandscapeRight";
				INFOPLIST_KEY_UISupportedInterfaceOrientations_iPhone = "UIInterfaceOrientationPortrait UIInterfaceOrientationLandscapeLeft UIInterfaceOrientationLandscapeRight";
				IPHONEOS_DEPLOYMENT_TARGET = 16.4;
				LD_RUNPATH_SEARCH_PATHS = "@executable_path/Frameworks";
				"LD_RUNPATH_SEARCH_PATHS[sdk=macosx*]" = "@executable_path/../Frameworks";
				MACOSX_DEPLOYMENT_TARGET = 13.3;
				MARKETING_VERSION = 1.0;
				PRODUCT_BUNDLE_IDENTIFIER = WindsLeaver.DigitalCollectibles;
				PRODUCT_NAME = "$(TARGET_NAME)";
				SDKROOT = auto;
				SUPPORTED_PLATFORMS = "iphoneos iphonesimulator macosx";
				SWIFT_EMIT_LOC_STRINGS = YES;
				SWIFT_VERSION = 5.0;
				TARGETED_DEVICE_FAMILY = "1,2";
			};
			name = Debug;
		};
		45137EBE2A32351A00DADB25 /* Release */ = {
			isa = XCBuildConfiguration;
			buildSettings = {
				ASSETCATALOG_COMPILER_APPICON_NAME = AppIcon;
				ASSETCATALOG_COMPILER_GLOBAL_ACCENT_COLOR_NAME = AccentColor;
				CODE_SIGN_ENTITLEMENTS = DigitalCollectibles/DigitalCollectibles.entitlements;
				CODE_SIGN_STYLE = Automatic;
				CURRENT_PROJECT_VERSION = 1;
				DEVELOPMENT_ASSET_PATHS = "\"DigitalCollectibles/Preview Content\"";
				DEVELOPMENT_TEAM = MW3KFK7586;
				ENABLE_HARDENED_RUNTIME = YES;
				ENABLE_PREVIEWS = YES;
				GENERATE_INFOPLIST_FILE = YES;
				"INFOPLIST_KEY_UIApplicationSceneManifest_Generation[sdk=iphoneos*]" = YES;
				"INFOPLIST_KEY_UIApplicationSceneManifest_Generation[sdk=iphonesimulator*]" = YES;
				"INFOPLIST_KEY_UIApplicationSupportsIndirectInputEvents[sdk=iphoneos*]" = YES;
				"INFOPLIST_KEY_UIApplicationSupportsIndirectInputEvents[sdk=iphonesimulator*]" = YES;
				"INFOPLIST_KEY_UILaunchScreen_Generation[sdk=iphoneos*]" = YES;
				"INFOPLIST_KEY_UILaunchScreen_Generation[sdk=iphonesimulator*]" = YES;
				"INFOPLIST_KEY_UIStatusBarStyle[sdk=iphoneos*]" = UIStatusBarStyleDefault;
				"INFOPLIST_KEY_UIStatusBarStyle[sdk=iphonesimulator*]" = UIStatusBarStyleDefault;
				INFOPLIST_KEY_UISupportedInterfaceOrientations_iPad = "UIInterfaceOrientationPortrait UIInterfaceOrientationPortraitUpsideDown UIInterfaceOrientationLandscapeLeft UIInterfaceOrientationLandscapeRight";
				INFOPLIST_KEY_UISupportedInterfaceOrientations_iPhone = "UIInterfaceOrientationPortrait UIInterfaceOrientationLandscapeLeft UIInterfaceOrientationLandscapeRight";
				IPHONEOS_DEPLOYMENT_TARGET = 16.4;
				LD_RUNPATH_SEARCH_PATHS = "@executable_path/Frameworks";
				"LD_RUNPATH_SEARCH_PATHS[sdk=macosx*]" = "@executable_path/../Frameworks";
				MACOSX_DEPLOYMENT_TARGET = 13.3;
				MARKETING_VERSION = 1.0;
				PRODUCT_BUNDLE_IDENTIFIER = WindsLeaver.DigitalCollectibles;
				PRODUCT_NAME = "$(TARGET_NAME)";
				SDKROOT = auto;
				SUPPORTED_PLATFORMS = "iphoneos iphonesimulator macosx";
				SWIFT_EMIT_LOC_STRINGS = YES;
				SWIFT_VERSION = 5.0;
				TARGETED_DEVICE_FAMILY = "1,2";
			};
			name = Release;
		};
		45137EC02A32351A00DADB25 /* Debug */ = {
			isa = XCBuildConfiguration;
			buildSettings = {
				ALWAYS_EMBED_SWIFT_STANDARD_LIBRARIES = YES;
				BUNDLE_LOADER = "$(TEST_HOST)";
				CODE_SIGN_STYLE = Automatic;
				CURRENT_PROJECT_VERSION = 1;
				DEVELOPMENT_TEAM = MW3KFK7586;
				GENERATE_INFOPLIST_FILE = YES;
				IPHONEOS_DEPLOYMENT_TARGET = 16.4;
				MACOSX_DEPLOYMENT_TARGET = 13.3;
				MARKETING_VERSION = 1.0;
				PRODUCT_BUNDLE_IDENTIFIER = WindsLeaver.DigitalCollectiblesTests;
				PRODUCT_NAME = "$(TARGET_NAME)";
				SDKROOT = auto;
				SUPPORTED_PLATFORMS = "iphoneos iphonesimulator macosx";
				SWIFT_EMIT_LOC_STRINGS = NO;
				SWIFT_VERSION = 5.0;
				TARGETED_DEVICE_FAMILY = "1,2";
				TEST_HOST = "$(BUILT_PRODUCTS_DIR)/DigitalCollectibles.app/$(BUNDLE_EXECUTABLE_FOLDER_PATH)/DigitalCollectibles";
			};
			name = Debug;
		};
		45137EC12A32351A00DADB25 /* Release */ = {
			isa = XCBuildConfiguration;
			buildSettings = {
				ALWAYS_EMBED_SWIFT_STANDARD_LIBRARIES = YES;
				BUNDLE_LOADER = "$(TEST_HOST)";
				CODE_SIGN_STYLE = Automatic;
				CURRENT_PROJECT_VERSION = 1;
				DEVELOPMENT_TEAM = MW3KFK7586;
				GENERATE_INFOPLIST_FILE = YES;
				IPHONEOS_DEPLOYMENT_TARGET = 16.4;
				MACOSX_DEPLOYMENT_TARGET = 13.3;
				MARKETING_VERSION = 1.0;
				PRODUCT_BUNDLE_IDENTIFIER = WindsLeaver.DigitalCollectiblesTests;
				PRODUCT_NAME = "$(TARGET_NAME)";
				SDKROOT = auto;
				SUPPORTED_PLATFORMS = "iphoneos iphonesimulator macosx";
				SWIFT_EMIT_LOC_STRINGS = NO;
				SWIFT_VERSION = 5.0;
				TARGETED_DEVICE_FAMILY = "1,2";
				TEST_HOST = "$(BUILT_PRODUCTS_DIR)/DigitalCollectibles.app/$(BUNDLE_EXECUTABLE_FOLDER_PATH)/DigitalCollectibles";
			};
			name = Release;
		};
		45137EC32A32351A00DADB25 /* Debug */ = {
			isa = XCBuildConfiguration;
			buildSettings = {
				ALWAYS_EMBED_SWIFT_STANDARD_LIBRARIES = YES;
				CODE_SIGN_STYLE = Automatic;
				CURRENT_PROJECT_VERSION = 1;
				DEVELOPMENT_TEAM = MW3KFK7586;
				GENERATE_INFOPLIST_FILE = YES;
				IPHONEOS_DEPLOYMENT_TARGET = 16.4;
				MACOSX_DEPLOYMENT_TARGET = 13.3;
				MARKETING_VERSION = 1.0;
				PRODUCT_BUNDLE_IDENTIFIER = WindsLeaver.DigitalCollectiblesUITests;
				PRODUCT_NAME = "$(TARGET_NAME)";
				SDKROOT = auto;
				SUPPORTED_PLATFORMS = "iphoneos iphonesimulator macosx";
				SWIFT_EMIT_LOC_STRINGS = NO;
				SWIFT_VERSION = 5.0;
				TARGETED_DEVICE_FAMILY = "1,2";
				TEST_TARGET_NAME = DigitalCollectibles;
			};
			name = Debug;
		};
		45137EC42A32351A00DADB25 /* Release */ = {
			isa = XCBuildConfiguration;
			buildSettings = {
				ALWAYS_EMBED_SWIFT_STANDARD_LIBRARIES = YES;
				CODE_SIGN_STYLE = Automatic;
				CURRENT_PROJECT_VERSION = 1;
				DEVELOPMENT_TEAM = MW3KFK7586;
				GENERATE_INFOPLIST_FILE = YES;
				IPHONEOS_DEPLOYMENT_TARGET = 16.4;
				MACOSX_DEPLOYMENT_TARGET = 13.3;
				MARKETING_VERSION = 1.0;
				PRODUCT_BUNDLE_IDENTIFIER = WindsLeaver.DigitalCollectiblesUITests;
				PRODUCT_NAME = "$(TARGET_NAME)";
				SDKROOT = auto;
				SUPPORTED_PLATFORMS = "iphoneos iphonesimulator macosx";
				SWIFT_EMIT_LOC_STRINGS = NO;
				SWIFT_VERSION = 5.0;
				TARGETED_DEVICE_FAMILY = "1,2";
				TEST_TARGET_NAME = DigitalCollectibles;
			};
			name = Release;
		};
/* End XCBuildConfiguration section */

/* Begin XCConfigurationList section */
		45137E922A32351900DADB25 /* Build configuration list for PBXProject "DigitalCollectibles" */ = {
			isa = XCConfigurationList;
			buildConfigurations = (
				45137EBA2A32351A00DADB25 /* Debug */,
				45137EBB2A32351A00DADB25 /* Release */,
			);
			defaultConfigurationIsVisible = 0;
			defaultConfigurationName = Release;
		};
		45137EBC2A32351A00DADB25 /* Build configuration list for PBXNativeTarget "DigitalCollectibles" */ = {
			isa = XCConfigurationList;
			buildConfigurations = (
				45137EBD2A32351A00DADB25 /* Debug */,
				45137EBE2A32351A00DADB25 /* Release */,
			);
			defaultConfigurationIsVisible = 0;
			defaultConfigurationName = Release;
		};
		45137EBF2A32351A00DADB25 /* Build configuration list for PBXNativeTarget "DigitalCollectiblesTests" */ = {
			isa = XCConfigurationList;
			buildConfigurations = (
				45137EC02A32351A00DADB25 /* Debug */,
				45137EC12A32351A00DADB25 /* Release */,
			);
			defaultConfigurationIsVisible = 0;
			defaultConfigurationName = Release;
		};
		45137EC22A32351A00DADB25 /* Build configuration list for PBXNativeTarget "DigitalCollectiblesUITests" */ = {
			isa = XCConfigurationList;
			buildConfigurations = (
				45137EC32A32351A00DADB25 /* Debug */,
				45137EC42A32351A00DADB25 /* Release */,
			);
			defaultConfigurationIsVisible = 0;
			defaultConfigurationName = Release;
		};
/* End XCConfigurationList section */
	};
	rootObject = 45137E8F2A32351900DADB25 /* Project object */;
}
